
Microsoft Visual Studio Solution File, Format Version 12.00
# Visual Studio 15
VisualStudioVersion = 15.0.28010.2019
MinimumVisualStudioVersion = 10.0.40219.1
Project("{9A19103F-16F7-4668-BE54-9A1E7A4F7556}") = "Namiko", "Namiko\Namiko.csproj", "{8D472380-F0CC-445B-A057-087595C9CF1B}"
EndProject
Project("{9A19103F-16F7-4668-BE54-9A1E7A4F7556}") = "Discord.Addons.Interactive", "C:\Users\virma\source\repos\Discord.Addons.Interactive\Discord.Addons.Interactive\Discord.Addons.Interactive.csproj", "{31E1C644-20A2-496D-AC0B-5DFB656F6E03}"
EndProject
Global
	GlobalSection(SolutionConfigurationPlatforms) = preSolution
		Debug|Any CPU = Debug|Any CPU
		Release|Any CPU = Release|Any CPU
	EndGlobalSection
	GlobalSection(ProjectConfigurationPlatforms) = postSolution
		{8D472380-F0CC-445B-A057-087595C9CF1B}.Debug|Any CPU.ActiveCfg = Debug|Any CPU
		{8D472380-F0CC-445B-A057-087595C9CF1B}.Debug|Any CPU.Build.0 = Debug|Any CPU
		{8D472380-F0CC-445B-A057-087595C9CF1B}.Release|Any CPU.ActiveCfg = Release|Any CPU
		{8D472380-F0CC-445B-A057-087595C9CF1B}.Release|Any CPU.Build.0 = Release|Any CPU
		{31E1C644-20A2-496D-AC0B-5DFB656F6E03}.Debug|Any CPU.ActiveCfg = Debug|Any CPU
		{31E1C644-20A2-496D-AC0B-5DFB656F6E03}.Debug|Any CPU.Build.0 = Debug|Any CPU
		{31E1C644-20A2-496D-AC0B-5DFB656F6E03}.Release|Any CPU.ActiveCfg = Release|Any CPU
		{31E1C644-20A2-496D-AC0B-5DFB656F6E03}.Release|Any CPU.Build.0 = Release|Any CPU
	EndGlobalSection
	GlobalSection(SolutionProperties) = preSolution
		HideSolutionNode = FALSE
	EndGlobalSection
	GlobalSection(ExtensibilityGlobals) = postSolution
		SolutionGuid = {4668E0C3-E62C-4F97-8476-88BB97B29E38}
	EndGlobalSection
EndGlobal
